<Solution>
  <Folder Name="/src/">
    <Project Path="src/AgentRegistry.Api/AgentRegistry.Api.csproj" />
    <Project Path="src/AgentRegistry.Application/AgentRegistry.Application.csproj" />
    <Project Path="src/AgentRegistry.Domain/AgentRegistry.Domain.csproj" />
    <Project Path="src/AgentRegistry.Infrastructure/AgentRegistry.Infrastructure.csproj" />
  </Folder>
  <Folder Name="/tests/">
    <Project Path="tests/AgentRegistry.Api.Tests/AgentRegistry.Api.Tests.csproj" />
    <Project Path="tests/AgentRegistry.Application.Tests/AgentRegistry.Application.Tests.csproj" />
    <Project Path="tests/AgentRegistry.Domain.Tests/AgentRegistry.Domain.Tests.csproj" />
  </Folder>
</Solution>
