<Solution>
  <Folder Name="/src/">
    <Project Path="src/MarimerLLC.AgentRegistry.Api/MarimerLLC.AgentRegistry.Api.csproj" />
    <Project Path="src/MarimerLLC.AgentRegistry.Application/MarimerLLC.AgentRegistry.Application.csproj" />
    <Project Path="src/MarimerLLC.AgentRegistry.Domain/MarimerLLC.AgentRegistry.Domain.csproj" />
    <Project Path="src/MarimerLLC.AgentRegistry.Infrastructure/MarimerLLC.AgentRegistry.Infrastructure.csproj" />
  </Folder>
  <Folder Name="/tests/">
    <Project Path="tests/AgentRegistry.Api.Tests/AgentRegistry.Api.Tests.csproj" />
    <Project Path="tests/AgentRegistry.Application.Tests/AgentRegistry.Application.Tests.csproj" />
    <Project Path="tests/AgentRegistry.Domain.Tests/AgentRegistry.Domain.Tests.csproj" />
  </Folder>
</Solution>
