<Solution>
  <Folder Name="/src/">
    <Project Path="src/MarimerLLC.AgentRegistry.Client/MarimerLLC.AgentRegistry.Client.csproj" />
  </Folder>
  <Folder Name="/tests/">
    <Project Path="tests/MarimerLLC.AgentRegistry.Client.Tests/MarimerLLC.AgentRegistry.Client.Tests.csproj" />
  </Folder>
</Solution>
